
Microsoft Visual Studio Solution File, Format Version 12.00
# Visual Studio Version 16
VisualStudioVersion = 16.0.29230.61
MinimumVisualStudioVersion = 10.0.40219.1
Project("{2150E333-8FDC-42A3-9474-1A3956D46DE8}") = "src", "src", "{7AB1D78A-8695-46CB-AC7D-17C9BAA69C16}"
EndProject
Project("{2150E333-8FDC-42A3-9474-1A3956D46DE8}") = "tests", "tests", "{C6A4702C-AD6D-4314-8E0E-CD45C61B1DC7}"
EndProject
Project("{FAE04EC0-301F-11D3-BF4B-00C04F79EFBC}") = "ConcatenatingOfWords", "src\ConcatenatingOfWords\ConcatenatingOfWords.csproj", "{32FECDFD-CFBF-43E9-A647-5A5053315602}"
EndProject
Project("{FAE04EC0-301F-11D3-BF4B-00C04F79EFBC}") = "ConcatenatingOfWords.Test", "tests\ConcatenatingOfWords.Test\ConcatenatingOfWords.Test.csproj", "{EFED2D9B-8C1D-4E56-9DE0-501D050968F1}"
EndProject
Global
	GlobalSection(SolutionConfigurationPlatforms) = preSolution
		Debug|Any CPU = Debug|Any CPU
		Release|Any CPU = Release|Any CPU
	EndGlobalSection
	GlobalSection(ProjectConfigurationPlatforms) = postSolution
		{32FECDFD-CFBF-43E9-A647-5A5053315602}.Debug|Any CPU.ActiveCfg = Debug|Any CPU
		{32FECDFD-CFBF-43E9-A647-5A5053315602}.Debug|Any CPU.Build.0 = Debug|Any CPU
		{32FECDFD-CFBF-43E9-A647-5A5053315602}.Release|Any CPU.ActiveCfg = Release|Any CPU
		{32FECDFD-CFBF-43E9-A647-5A5053315602}.Release|Any CPU.Build.0 = Release|Any CPU
		{EFED2D9B-8C1D-4E56-9DE0-501D050968F1}.Debug|Any CPU.ActiveCfg = Debug|Any CPU
		{EFED2D9B-8C1D-4E56-9DE0-501D050968F1}.Debug|Any CPU.Build.0 = Debug|Any CPU
		{EFED2D9B-8C1D-4E56-9DE0-501D050968F1}.Release|Any CPU.ActiveCfg = Release|Any CPU
		{EFED2D9B-8C1D-4E56-9DE0-501D050968F1}.Release|Any CPU.Build.0 = Release|Any CPU
	EndGlobalSection
	GlobalSection(SolutionProperties) = preSolution
		HideSolutionNode = FALSE
	EndGlobalSection
	GlobalSection(NestedProjects) = preSolution
		{32FECDFD-CFBF-43E9-A647-5A5053315602} = {7AB1D78A-8695-46CB-AC7D-17C9BAA69C16}
		{EFED2D9B-8C1D-4E56-9DE0-501D050968F1} = {C6A4702C-AD6D-4314-8E0E-CD45C61B1DC7}
	EndGlobalSection
	GlobalSection(ExtensibilityGlobals) = postSolution
		SolutionGuid = {E0C0A58F-B621-48C8-B306-37B6DB6DD81F}
	EndGlobalSection
EndGlobal
